{
  "name": "Sistemas Distribuidos",
  "lockfileVersion": 3,
  "requires": true,
  "packages": {
    "": {
      "dependencies": {
        "uuid": "^11.1.0",
        "zeromq": "^6.4.2"
      }
    },
    "node_modules/cmake-ts": {
      "version": "0.6.1",
      "resolved": "https://registry.npmjs.org/cmake-ts/-/cmake-ts-0.6.1.tgz",
      "integrity": "sha512-uUn2qGhf20j8W/sQ7+UnvvqO1zNccqgbLgwRJi7S23FsjMWJqxvKK80Vc+tvLNKfpJzwH0rgoQD1l24SMnX0yg==",
      "license": "MIT",
      "bin": {
        "cmake-ts": "build/main.js"
      }
    },
    "node_modules/node-addon-api": {
      "version": "8.3.1",
      "resolved": "https://registry.npmjs.org/node-addon-api/-/node-addon-api-8.3.1.tgz",
      "integrity": "sha512-lytcDEdxKjGJPTLEfW4mYMigRezMlyJY8W4wxJK8zE533Jlb8L8dRuObJFWg2P+AuOIxoCgKF+2Oq4d4Zd0OUA==",
      "license": "MIT",
      "engines": {
        "node": "^18 || ^20 || >= 21"
      }
    },
    "node_modules/uuid": {
      "version": "11.1.0",
      "resolved": "https://registry.npmjs.org/uuid/-/uuid-11.1.0.tgz",
      "integrity": "sha512-0/A9rDy9P7cJ+8w1c9WD9V//9Wj15Ce2MPz8Ri6032usz+NfePxx5AcN3bN+r6ZL6jEo066/yNYB3tn4pQEx+A==",
      "funding": [
        "https://github.com/sponsors/broofa",
        "https://github.com/sponsors/ctavan"
      ],
      "license": "MIT",
      "bin": {
        "uuid": "dist/esm/bin/uuid"
      }
    },
    "node_modules/zeromq": {
      "version": "6.4.2",
      "resolved": "https://registry.npmjs.org/zeromq/-/zeromq-6.4.2.tgz",
      "integrity": "sha512-FnQlI4lEAewE4JexJ6kqQuBVzRf0Mg1n/qE3uXilfosf+X5lqJPiaYfdL/w4SzgAEVBTyqbMt9NbjwI5H89Yaw==",
      "hasInstallScript": true,
      "license": "MIT AND MPL-2.0",
      "dependencies": {
        "cmake-ts": "^0.6.1",
        "node-addon-api": "^8.3.0"
      },
      "engines": {
        "node": ">= 12"
      }
    }
  }
}
